version = 1
revision = 3
requires-python = ">=3.14"

[[package]]
name = "asgiref"
version = "3.12.1"
source = { registry = "https://pypi.org/simple" }
sdist = { url = "https://files.pythonhosted.org/packages/e6/26/3b59f2bdae5f640389becb1f673cded775287f5fc4f816309d9ca9a3f93d/asgiref-3.12.1.tar.gz", hash = "sha256:59dcb51c272ad209d59bed5708a64a333083e86017d7fcdd67498eeab7784340", size = 42378, upload-time = "2026-07-14T09:56:18.087Z" }
wheels = [
    { url = "https://files.pythonhosted.org/packages/c0/1b/54f4ad77cd8a584fa70746c47df988e002cf1ee1eba43364d46f87803647/asgiref-3.12.1-py3-none-any.whl", hash = "sha256:fe386d1c2bff7259ea95929266d12a8cf9a8b5a1c2598402967d8792e7a7c094", size = 25478, upload-time = "2026-07-14T09:56:16.926Z" },
]

[[package]]
name = "astroid"
version = "4.0.4"
source = { registry = "https://pypi.org/simple" }
sdist = { url = "https://files.pythonhosted.org/packages/07/63/0adf26577da5eff6eb7a177876c1cfa213856be9926a000f65c4add9692b/astroid-4.0.4.tar.gz", hash = "sha256:986fed8bcf79fb82c78b18a53352a0b287a73817d6dbcfba3162da36667c49a0", size = 406358, upload-time = "2026-02-07T23:35:07.509Z" }
wheels = [
    { url = "https://files.pythonhosted.org/packages/b0/cf/1c5f42b110e57bc5502eb80dbc3b03d256926062519224835ef08134f1f9/astroid-4.0.4-py3-none-any.whl", hash = "sha256:52f39653876c7dec3e3afd4c2696920e05c83832b9737afc21928f2d2eb7a753", size = 276445, upload-time = "2026-02-07T23:35:05.344Z" },
]

[[package]]
name = "colorama"
version = "0.4.6"
source = { registry = "https://pypi.org/simple" }
sdist = { url = "https://files.pythonhosted.org/packages/d8/53/6f443c9a4a8358a93a6792e2acffb9d9d5cb0a5cfd8802644b7b1c9a02e4/colorama-0.4.6.tar.gz", hash = "sha256:08695f5cb7ed6e0531a20572697297273c47b8cae5a63ffc6d6ed5c201be6e44", size = 27697, upload-time = "2022-10-25T02:36:22.414Z" }
wheels = [
    { url = "https://files.pythonhosted.org/packages/d1/d6/3965ed04c63042e047cb6a3e6ed1a63a35087b6a609aa3a15ed8ac56c221/colorama-0.4.6-py2.py3-none-any.whl", hash = "sha256:4f1d9991f5acc0ca119f9d443620b77f9d6b33703e51011c16baf57afb285fc6", size = 25335, upload-time = "2022-10-25T02:36:20.889Z" },
]

[[package]]
name = "dill"
version = "0.4.1"
source = { registry = "https://pypi.org/simple" }
sdist = { url = "https://files.pythonhosted.org/packages/81/e1/56027a71e31b02ddc53c7d65b01e68edf64dea2932122fe7746a516f75d5/dill-0.4.1.tar.gz", hash = "sha256:423092df4182177d4d8ba8290c8a5b640c66ab35ec7da59ccfa00f6fa3eea5fa", size = 187315, upload-time = "2026-01-19T02:36:56.85Z" }
wheels = [
    { url = "https://files.pythonhosted.org/packages/1e/77/dc8c558f7593132cf8fefec57c4f60c83b16941c574ac5f619abb3ae7933/dill-0.4.1-py3-none-any.whl", hash = "sha256:1e1ce33e978ae97fcfcff5638477032b801c46c7c65cf717f95fbc2248f79a9d", size = 120019, upload-time = "2026-01-19T02:36:55.663Z" },
]

[[package]]
name = "django"
version = "6.1.1"
source = { registry = "https://pypi.org/simple" }
dependencies = [
    { name = "asgiref" },
    { name = "sqlparse" },
    { name = "tzdata", marker = "sys_platform == 'win32'" },
]
sdist = { url = "https://files.pythonhosted.org/packages/f8/d4/8314b5bdef20832f0ac6ae3b3e4d4924e4759fa3b4af27609dd747e7a6be/django-6.1.1.tar.gz", hash = "sha256:7ab93536d8e677aa14554c56426290c69480bf2ee68d7513d4a22f57d6bfeb84", size = 11284905, upload-time = "2026-09-02T17:20:45.621Z" }
wheels = [
    { url = "https://files.pythonhosted.org/packages/8d/ca/c1040a4fd15754ede7df15fd72fc2e123045b473b253ab5f5284e11c651e/django-6.1.1-py3-none-any.whl", hash = "sha256:585fb82bf15053c42cf52e67c2f1b54a032dca384759315fd6678ab1870d1d72", size = 8419512, upload-time = "2026-09-02T17:20:39.153Z" },
]

[[package]]
name = "isort"
version = "9.0.1"
source = { registry = "https://pypi.org/simple" }
dependencies = [
    { name = "mypy-extensions" },
]
sdist = { url = "https://files.pythonhosted.org/packages/e6/43/067e17bfa10b6486b408d5294105ac894149a9abb94b338568b1f53a73c9/isort-9.0.1.tar.gz", hash = "sha256:ba23db109e3e93ef1999f7209a651214994cd807801addd16ac485982eb4edd7", size = 667724, upload-time = "2026-08-27T20:54:26.699Z" }
wheels = [
    { url = "https://files.pythonhosted.org/packages/db/42/d75a674a7fcbbf4374cd358b8529535d3c59e0ab6acc164b6862acb95058/isort-9.0.1-cp314-cp314-macosx_11_0_arm64.whl", hash = "sha256:7ea5f505b152fedd2b990b39d8b76108a48b355da874025aad4982e8ceeb0f3d", size = 1020950, upload-time = "2026-08-27T20:53:57.744Z" },
    { url = "https://files.pythonhosted.org/packages/2b/b6/04d74c7c42b9af1c0d47f34a79722dbbcff71bae3765c9250376ebd44ec5/isort-9.0.1-cp314-cp314-manylinux2014_x86_64.manylinux_2_17_x86_64.manylinux_2_28_x86_64.whl", hash = "sha256:873cf1b6371d41e2a74d57d7c0176d311822f0415441abf8251ad074c9fe4a66", size = 1653678, upload-time = "2026-08-27T20:53:59.292Z" },
    { url = "https://files.pythonhosted.org/packages/53/6c/621969c0cde272b7a183484589cc9f28132775d78fd708c231fd292c7abd/isort-9.0.1-cp314-cp314-musllinux_1_2_x86_64.whl", hash = "sha256:99b7bc28b1f05f7e3267629043a99c6c479a750df3689327a10324e396827f94", size = 1645589, upload-time = "2026-08-27T20:54:00.911Z" },
    { url = "https://files.pythonhosted.org/packages/8c/26/e3db1ae5d5fbe9e2dff0c6a0b2b9dda07a742ede20f8fbc7d78d5d73f472/isort-9.0.1-cp314-cp314-pyemscripten_2026_0_wasm32.whl", hash = "sha256:89ebbcdbdd9d66cc14909bbac36acb9db29f37325606113c9f270242f8a1f896", size = 457029, upload-time = "2026-08-27T20:54:02.551Z" },
    { url = "https://files.pythonhosted.org/packages/b8/f2/b9cf816c8dfd5d9066b65a2f738f8d03fb0f6001bcffa3d436cfdbe1b421/isort-9.0.1-cp314-cp314-win_amd64.whl", hash = "sha256:2057236a764f31c78dac78f7343057621fcc2fd40461ce61061f34fd09066f46", size = 894580, upload-time = "2026-08-27T20:54:03.985Z" },
    { url = "https://files.pythonhosted.org/packages/9b/d7/e5e9e477ff7ec9f75b4c07b25aef10814775200c1e90bc9acbb788def54a/isort-9.0.1-cp314-cp314t-macosx_11_0_arm64.whl", hash = "sha256:5e72a7063570f1d740f0284c7ae5739dc34c6a2d9f1049b13027a5bdadb56682", size = 1088685, upload-time = "2026-08-27T20:54:05.376Z" },
    { url = "https://files.pythonhosted.org/packages/96/6f/915effa62cdcdc757bd0c567ee4d611c7a73ce7da097c820b3b2f340c2f7/isort-9.0.1-cp314-cp314t-manylinux2014_x86_64.manylinux_2_17_x86_64.manylinux_2_28_x86_64.whl", hash = "sha256:c2525606f62742fc4ed9f8ca89043b9522ac3e6f9c9892e6cb16f4870d937f38", size = 1863445, upload-time = "2026-08-27T20:54:06.851Z" },
    { url = "https://files.pythonhosted.org/packages/e5/d4/af84d711cda084ddcb7a01a3d6a2608542c16ae7d418d99169b7deb775a4/isort-9.0.1-cp314-cp314t-musllinux_1_2_x86_64.whl", hash = "sha256:e3a2697ebcb54b51af4833de44447dbf31ddf081c5f163772092d21c0267483b", size = 1878639, upload-time = "2026-08-27T20:54:08.618Z" },
    { url = "https://files.pythonhosted.org/packages/58/d0/d77ec7d1c648a0b92ea6a8da3591a342550404af98a338106278a872ea1a/isort-9.0.1-cp314-cp314t-win_amd64.whl", hash = "sha256:fd326823ddbe338357ba1823b7f96481d4421d54c83ebd43c92f1b51314a24ae", size = 919565, upload-time = "2026-08-27T20:54:10.094Z" },
    { url = "https://files.pythonhosted.org/packages/72/d8/9963610d22fa55cbbd3c141a350f7011dd1023be9d3ba06212053c3639c6/isort-9.0.1-cp315-cp315-macosx_11_0_arm64.whl", hash = "sha256:5022b332ac91ccb39dc28bb206d5ae96ae7f8d45e710b072cb039b2fcda6602a", size = 1020254, upload-time = "2026-08-27T20:54:11.732Z" },
    { url = "https://files.pythonhosted.org/packages/11/20/9f22f2574d94cc2b86f7c1764a186843ed19e7215666b57b10935335614f/isort-9.0.1-cp315-cp315-manylinux2014_x86_64.manylinux_2_17_x86_64.manylinux_2_28_x86_64.whl", hash = "sha256:930879e4cfab3264f1d7346abeec10726b5382dc4be9f4251c25ec7fa057926b", size = 1667500, upload-time = "2026-08-27T20:54:13.193Z" },
    { url = "https://files.pythonhosted.org/packages/5e/4a/5a46b814d7fa49fc778e65a6703e4bb4d60149e01574afd7366b5ac7a1dc/isort-9.0.1-cp315-cp315-musllinux_1_2_x86_64.whl", hash = "sha256:825c05d2d63a1b9c608c352503c10b6411a3c6e12bcacc97b306774ee379786f", size = 1655914, upload-time = "2026-08-27T20:54:14.827Z" },
    { url = "https://files.pythonhosted.org/packages/a7/09/b575e1837f3b182c97f937cf39cb55b3942f44dedfec4303403e4aa9bbd0/isort-9.0.1-cp315-cp315-pyemscripten_2026_5_wasm32.whl", hash = "sha256:cc9814ce2ee42c17007d822455e4db55e32e589808ecfc2665d51c848d0bb30a", size = 457120, upload-time = "2026-08-27T20:54:16.145Z" },
    { url = "https://files.pythonhosted.org/packages/65/60/3c73139b71b7031caf54aa098bc589b18374533b5f96f31c541b36112896/isort-9.0.1-cp315-cp315-win_amd64.whl", hash = "sha256:1b8d6c836fb83232f5f4c1c037d332caf743bb24dca63167bad9174ae13e150e", size = 894525, upload-time = "2026-08-27T20:54:17.895Z" },
    { url = "https://files.pythonhosted.org/packages/e5/27/5c17d4c8239a33a876f91e52426cc0d3fc75eb8438f34c40f403998057ac/isort-9.0.1-cp315-cp315t-macosx_11_0_arm64.whl", hash = "sha256:2fb33e0c0f9f87821acf6d82c83f0a0c7e54680fdf3fe4131409d2b95901f00a", size = 1088576, upload-time = "2026-08-27T20:54:19.599Z" },
    { url = "https://files.pythonhosted.org/packages/32/9b/9e80dee125b3d1208fb89afa380cae6fdfac660ad682eb0139a8fd8d790a/isort-9.0.1-cp315-cp315t-manylinux2014_x86_64.manylinux_2_17_x86_64.manylinux_2_28_x86_64.whl", hash = "sha256:cdf765657edb2bcccbb1b20d26e710acbcb27379c0a407c6cb376e5619059a7b", size = 1853379, upload-time = "2026-08-27T20:54:21.119Z" },
    { url = "https://files.pythonhosted.org/packages/34/43/f9f456c223ba34293ab28f736f00e26875b26913f24451e5a2938a8c4e02/isort-9.0.1-cp315-cp315t-musllinux_1_2_x86_64.whl", hash = "sha256:23d3b6657763f9be1b15bb9664b016abfce34849d6215a46a42af7945d4acd68", size = 1871162, upload-time = "2026-08-27T20:54:22.593Z" },
    { url = "https://files.pythonhosted.org/packages/38/5c/17fedc2bee564bb13b50ed3cb2ce7d66dd8e09184fb45d7a263ebaaaa97e/isort-9.0.1-cp315-cp315t-win_amd64.whl", hash = "sha256:8f490acc182253d07071cc8255b57a281855e2e027b929a89eaa7c797f7b213e", size = 918269, upload-time = "2026-08-27T20:54:23.996Z" },
    { url = "https://files.pythonhosted.org/packages/af/6e/4ec84f19b008864656b9f158bad006aa6346e754694aff47a7fa9ee65a19/isort-9.0.1-py3-none-any.whl", hash = "sha256:5aac7263b7a7f9f647f94fb6df2761ff5b60a7168eb492ff39dd30443207fa19", size = 103487, upload-time = "2026-08-27T20:54:25.395Z" },
]

[[package]]
name = "mccabe"
version = "0.7.0"
source = { registry = "https://pypi.org/simple" }
sdist = { url = "https://files.pythonhosted.org/packages/e7/ff/0ffefdcac38932a54d2b5eed4e0ba8a408f215002cd178ad1df0f2806ff8/mccabe-0.7.0.tar.gz", hash = "sha256:348e0240c33b60bbdf4e523192ef919f28cb2c3d7d5c7794f74009290f236325", size = 9658, upload-time = "2022-01-24T01:14:51.113Z" }
wheels = [
    { url = "https://files.pythonhosted.org/packages/27/1a/1f68f9ba0c207934b35b86a8ca3aad8395a3d6dd7921c0686e23853ff5a9/mccabe-0.7.0-py2.py3-none-any.whl", hash = "sha256:6c2d30ab6be0e4a46919781807b4f0d834ebdd6c6e3dca0bda5a15f863427b6e", size = 7350, upload-time = "2022-01-24T01:14:49.62Z" },
]

[[package]]
name = "mypy-extensions"
version = "1.1.0"
source = { registry = "https://pypi.org/simple" }
sdist = { url = "https://files.pythonhosted.org/packages/a2/6e/371856a3fb9d31ca8dac321cda606860fa4548858c0cc45d9d1d4ca2628b/mypy_extensions-1.1.0.tar.gz", hash = "sha256:52e68efc3284861e772bbcd66823fde5ae21fd2fdb51c62a211403730b916558", size = 6343, upload-time = "2025-04-22T14:54:24.164Z" }
wheels = [
    { url = "https://files.pythonhosted.org/packages/79/7b/2c79738432f5c924bef5071f933bcc9efd0473bac3b4aa584a6f7c1c8df8/mypy_extensions-1.1.0-py3-none-any.whl", hash = "sha256:1be4cccdb0f2482337c4743e60421de3a356cd97508abadd57d47403e94f5505", size = 4963, upload-time = "2025-04-22T14:54:22.983Z" },
]

[[package]]
name = "platformdirs"
version = "4.11.7"
source = { registry = "https://pypi.org/simple" }
sdist = { url = "https://files.pythonhosted.org/packages/69/b7/802a56eca9f2fac455b8bab5375a2647b0f0e14a2cd63ef077de3c4a7658/platformdirs-4.11.7.tar.gz", hash = "sha256:4f41487eeeeeb07f3a6625e61d9bc0ae6809f92d3386dbd74392fbb76108104d", size = 35127, upload-time = "2026-09-01T13:35:10.502Z" }
wheels = [
    { url = "https://files.pythonhosted.org/packages/27/6e/80993e10a0482f630cef528635789233224f36b1ffd11592aa15d13ff9ce/platformdirs-4.11.7-py3-none-any.whl", hash = "sha256:8a02cb259042c79d1cd0450facc2fe6dc9d303ae7901afbe33bf8ea0b188cef6", size = 23938, upload-time = "2026-09-01T13:35:09.02Z" },
]

[[package]]
name = "pylint"
version = "4.0.8"
source = { registry = "https://pypi.org/simple" }
dependencies = [
    { name = "astroid" },
    { name = "colorama", marker = "sys_platform == 'win32'" },
    { name = "dill" },
    { name = "isort" },
    { name = "mccabe" },
    { name = "platformdirs" },
    { name = "tomlkit" },
]
sdist = { url = "https://files.pythonhosted.org/packages/5c/2e/424cbfcb3af792a6b7da6e5c640de463b98c8d3a49fbd8882f38e83d4232/pylint-4.0.8.tar.gz", hash = "sha256:1c1b2128bde5ff5e966801413080b6384d42a5782718d528c906dbb6beab94ed", size = 1599177, upload-time = "2026-08-29T12:21:59.188Z" }
wheels = [
    { url = "https://files.pythonhosted.org/packages/2b/ea/9b601859afa055afe659ffe55abdfed6e5f17e17a840d9cd61c54ac89c02/pylint-4.0.8-py3-none-any.whl", hash = "sha256:3341c08c0aabaa4adc71516de0969f3ba5c692b56c75af4dcb4d242823fbe363", size = 540709, upload-time = "2026-08-29T12:21:57.392Z" },
]

[[package]]
name = "pylint-django"
version = "2.8.0"
source = { registry = "https://pypi.org/simple" }
dependencies = [
    { name = "pylint" },
    { name = "pylint-plugin-utils" },
]
sdist = { url = "https://files.pythonhosted.org/packages/71/a1/b92e5d5cf320b603c9bcc5174da7e9ba4c6ce71087354322a2b83536df13/pylint_django-2.8.0.tar.gz", hash = "sha256:42accea9098e4a3298b4bfbae0e4da81f909f8bff0deda9485efbd6035a86d6a", size = 32038, upload-time = "2026-07-11T10:19:14.844Z" }
wheels = [
    { url = "https://files.pythonhosted.org/packages/d1/4a/3dae8a09e12a28ccf3d7204cc4fb69f28dfb30d2b19567eb5ff094fe1265/pylint_django-2.8.0-py3-none-any.whl", hash = "sha256:706eb2cc8d7692236be9fd033a341042afe3bbbf99df9234a659db931016ef5d", size = 44672, upload-time = "2026-07-11T10:05:29.281Z" },
]

[[package]]
name = "pylint-plugin-utils"
version = "0.9.0"
source = { registry = "https://pypi.org/simple" }
dependencies = [
    { name = "pylint" },
]
sdist = { url = "https://files.pythonhosted.org/packages/73/85/24eaf5d0d078fc8799ae6d89faf326d6e4d27d862fc9a710a52ab07b7bb5/pylint_plugin_utils-0.9.0.tar.gz", hash = "sha256:5468d763878a18d5cc4db46eaffdda14313b043c962a263a7d78151b90132055", size = 10474, upload-time = "2025-06-24T07:14:00.534Z" }
wheels = [
    { url = "https://files.pythonhosted.org/packages/5e/c9/a3b871b0b590c49e38884af6dab58ab9711053bd5c39b8899b72e367b9f6/pylint_plugin_utils-0.9.0-py3-none-any.whl", hash = "sha256:16e9b84e5326ba893a319a0323fcc8b4bcc9c71fc654fcabba0605596c673818", size = 11129, upload-time = "2025-06-24T07:13:58.993Z" },
]

[[package]]
name = "questionparty"
version = "0.1.0"
source = { virtual = "." }
dependencies = [
    { name = "django" },
]

[package.dev-dependencies]
dev = [
    { name = "pylint-django" },
]

[package.metadata]
requires-dist = [{ name = "django", specifier = ">=6.1.1" }]

[package.metadata.requires-dev]
dev = [{ name = "pylint-django", specifier = ">=2.8.0" }]

[[package]]
name = "sqlparse"
version = "0.6.0"
source = { registry = "https://pypi.org/simple" }
sdist = { url = "https://files.pythonhosted.org/packages/5f/d3/3f06a1006f2261d1342aefb3c71eed02f5d4ca5bdbecd86ebc12ad38306e/sqlparse-0.6.0.tar.gz", hash = "sha256:113c35c75365ab9cc9c7231d68c6428fb11c085fc8e9eb1ad659b7ddbf6cd2b9", size = 178477, upload-time = "2026-08-13T19:16:06.396Z" }
wheels = [
    { url = "https://files.pythonhosted.org/packages/d9/50/f00935da0ec7cbf325f8dc4f772ae46fbc7b672dd62876e73f0a94adda57/sqlparse-0.6.0-py3-none-any.whl", hash = "sha256:b861c0288ce2fa56209a9a6412d2e066ac664b3873b89c26c9d8415e8e32996f", size = 50070, upload-time = "2026-08-13T19:16:04.062Z" },
]

[[package]]
name = "tomlkit"
version = "0.15.1"
source = { registry = "https://pypi.org/simple" }
sdist = { url = "https://files.pythonhosted.org/packages/94/96/e07752635b98536177fa1f37671c8f3cdde2e724c6bcf6034b2cfb571565/tomlkit-0.15.1.tar.gz", hash = "sha256:e25bbf38843005246210a12982776f27f99cb9be67160e14434d0c0d21ee1e97", size = 180129, upload-time = "2026-07-17T01:48:04.562Z" }
wheels = [
    { url = "https://files.pythonhosted.org/packages/13/bc/8c13eb66537dce1d2bd3a57132902f38d0e7f5bb46fa9f4daed9fe9d76ee/tomlkit-0.15.1-py3-none-any.whl", hash = "sha256:177a05aece5a8ca5266fd3c448abb47b8d352f09d477d3ca8332db4d89b24304", size = 49449, upload-time = "2026-07-17T01:48:05.728Z" },
]

[[package]]
name = "tzdata"
version = "2026.3"
source = { registry = "https://pypi.org/simple" }
sdist = { url = "https://files.pythonhosted.org/packages/92/ff/5a28bdfd8c3ebec42564ac7d0e54ca3db65044a9314a97f9564fa7a1e926/tzdata-2026.3.tar.gz", hash = "sha256:4a1518b8993086a7982523e071643f3c0e5f213e75b21318e78bcabfff9d1415", size = 198674, upload-time = "2026-07-10T08:50:37.887Z" }
wheels = [
    { url = "https://files.pythonhosted.org/packages/e5/6d/b53b99a9f2766d095985947a5782f1702cabb129a34f7a802d7197af832f/tzdata-2026.3-py2.py3-none-any.whl", hash = "sha256:dc096730c87af6cab1b171c9d532be840741ff5d459015e7f6947bd7d7e54931", size = 348168, upload-time = "2026-07-10T08:50:36.46Z" },
]
